// !$*UTF8*$!
{
	archiveVersion = 1;
	classes = {
	};
	objectVersion = 46;
	objects = {

/* Begin PBXBuildFile section */
		46AEA0181C5EB111003E7AF9 /* BitterSwift.h in Headers */ = {isa = PBXBuildFile; fileRef = 46AEA0171C5EB111003E7AF9 /* BitterSwift.h */; settings = {ATTRIBUTES = (Public, ); }; };
		46AEA01F1C5EB111003E7AF9 /* BitterSwift.framework in Frameworks */ = {isa = PBXBuildFile; fileRef = 46AEA0141C5EB111003E7AF9 /* BitterSwift.framework */; };
		46AEA0241C5EB111003E7AF9 /* BitterSwiftTests.swift in Sources */ = {isa = PBXBuildFile; fileRef = 46AEA0231C5EB111003E7AF9 /* BitterSwiftTests.swift */; };
/* End PBXBuildFile section */

/* Begin PBXContainerItemProxy section */
		46AEA0201C5EB111003E7AF9 /* PBXContainerItemProxy */ = {
			isa = PBXContainerItemProxy;
			containerPortal = 46AEA00B1C5EB111003E7AF9 /* Project object */;
			proxyType = 1;
			remoteGlobalIDString = 46AEA0131C5EB111003E7AF9;
			remoteInfo = BitterSwift;
		};
/* End PBXContainerItemProxy section */

/* Begin PBXFileReference section */
		46AEA0141C5EB111003E7AF9 /* BitterSwift.framework */ = {isa = PBXFileReference; explicitFileType = wrapper.framework; includeInIndex = 0; path = BitterSwift.framework; sourceTree = BUILT_PRODUCTS_DIR; };
		46AEA0171C5EB111003E7AF9 /* BitterSwift.h */ = {isa = PBXFileReference; lastKnownFileType = sourcecode.c.h; path = BitterSwift.h; sourceTree = "<group>"; };
		46AEA0191C5EB111003E7AF9 /* Info.plist */ = {isa = PBXFileReference; lastKnownFileType = text.plist.xml; path = Info.plist; sourceTree = "<group>"; };
		46AEA01E1C5EB111003E7AF9 /* BitterSwiftTests.xctest */ = {isa = PBXFileReference; explicitFileType = wrapper.cfbundle; includeInIndex = 0; path = BitterSwiftTests.xctest; sourceTree = BUILT_PRODUCTS_DIR; };
		46AEA0231C5EB111003E7AF9 /* BitterSwiftTests.swift */ = {isa = PBXFileReference; lastKnownFileType = sourcecode.swift; path = BitterSwiftTests.swift; sourceTree = "<group>"; };
		46AEA0251C5EB112003E7AF9 /* Info.plist */ = {isa = PBXFileReference; lastKnownFileType = text.plist.xml; path = Info.plist; sourceTree = "<group>"; };
/* End PBXFileReference section */

/* Begin PBXFrameworksBuildPhase section */
		46AEA0101C5EB111003E7AF9 /* Frameworks */ = {
			isa = PBXFrameworksBuildPhase;
			buildActionMask = 2147483647;
			files = (
			);
			runOnlyForDeploymentPostprocessing = 0;
		};
		46AEA01B1C5EB111003E7AF9 /* Frameworks */ = {
			isa = PBXFrameworksBuildPhase;
			buildActionMask = 2147483647;
			files = (
				46AEA01F1C5EB111003E7AF9 /* BitterSwift.framework in Frameworks */,
			);
			runOnlyForDeploymentPostprocessing = 0;
		};
/* End PBXFrameworksBuildPhase section */

/* Begin PBXGroup section */
		46AEA00A1C5EB111003E7AF9 = {
			isa = PBXGroup;
			children = (
				46AEA0161C5EB111003E7AF9 /* BitterSwift */,
				46AEA0221C5EB111003E7AF9 /* BitterSwiftTests */,
				46AEA0151C5EB111003E7AF9 /* Products */,
			);
			sourceTree = "<group>";
		};
		46AEA0151C5EB111003E7AF9 /* Products */ = {
			isa = PBXGroup;
			children = (
				46AEA0141C5EB111003E7AF9 /* BitterSwift.framework */,
				46AEA01E1C5EB111003E7AF9 /* BitterSwiftTests.xctest */,
			);
			name = Products;
			sourceTree = "<group>";
		};
		46AEA0161C5EB111003E7AF9 /* BitterSwift */ = {
			isa = PBXGroup;
			children = (
				46AEA0171C5EB111003E7AF9 /* BitterSwift.h */,
				46AEA0191C5EB111003E7AF9 /* Info.plist */,
			);
			path = BitterSwift;
			sourceTree = "<group>";
		};
		46AEA0221C5EB111003E7AF9 /* BitterSwiftTests */ = {
			isa = PBXGroup;
			children = (
				46AEA0231C5EB111003E7AF9 /* BitterSwiftTests.swift */,
				46AEA0251C5EB112003E7AF9 /* Info.plist */,
			);
			path = BitterSwiftTests;
			sourceTree = "<group>";
		};
/* End PBXGroup section */

/* Begin PBXHeadersBuildPhase section */
		46AEA0111C5EB111003E7AF9 /* Headers */ = {
			isa = PBXHeadersBuildPhase;
			buildActionMask = 2147483647;
			files = (
				46AEA0181C5EB111003E7AF9 /* BitterSwift.h in Headers */,
			);
			runOnlyForDeploymentPostprocessing = 0;
		};
/* End PBXHeadersBuildPhase section */

/* Begin PBXNativeTarget section */
		46AEA0131C5EB111003E7AF9 /* BitterSwift */ = {
			isa = PBXNativeTarget;
			buildConfigurationList = 46AEA0281C5EB112003E7AF9 /* Build configuration list for PBXNativeTarget "BitterSwift" */;
			buildPhases = (
				46AEA00F1C5EB111003E7AF9 /* Sources */,
				46AEA0101C5EB111003E7AF9 /* Frameworks */,
				46AEA0111C5EB111003E7AF9 /* Headers */,
				46AEA0121C5EB111003E7AF9 /* Resources */,
			);
			buildRules = (
			);
			dependencies = (
			);
			name = BitterSwift;
			productName = BitterSwift;
			productReference = 46AEA0141C5EB111003E7AF9 /* BitterSwift.framework */;
			productType = "com.apple.product-type.framework";
		};
		46AEA01D1C5EB111003E7AF9 /* BitterSwiftTests */ = {
			isa = PBXNativeTarget;
			buildConfigurationList = 46AEA02B1C5EB112003E7AF9 /* Build configuration list for PBXNativeTarget "BitterSwiftTests" */;
			buildPhases = (
				46AEA01A1C5EB111003E7AF9 /* Sources */,
				46AEA01B1C5EB111003E7AF9 /* Frameworks */,
				46AEA01C1C5EB111003E7AF9 /* Resources */,
			);
			buildRules = (
			);
			dependencies = (
				46AEA0211C5EB111003E7AF9 /* PBXTargetDependency */,
			);
			name = BitterSwiftTests;
			productName = BitterSwiftTests;
			productReference = 46AEA01E1C5EB111003E7AF9 /* BitterSwiftTests.xctest */;
			productType = "com.apple.product-type.bundle.unit-test";
		};
/* End PBXNativeTarget section */

/* Begin PBXProject section */
		46AEA00B1C5EB111003E7AF9 /* Project object */ = {
			isa = PBXProject;
			attributes = {
				LastSwiftUpdateCheck = 0720;
				LastUpgradeCheck = 0720;
				ORGANIZATIONNAME = "Umberto Raimondi";
				TargetAttributes = {
					46AEA0131C5EB111003E7AF9 = {
						CreatedOnToolsVersion = 7.2;
					};
					46AEA01D1C5EB111003E7AF9 = {
						CreatedOnToolsVersion = 7.2;
					};
				};
			};
			buildConfigurationList = 46AEA00E1C5EB111003E7AF9 /* Build configuration list for PBXProject "BitterSwift" */;
			compatibilityVersion = "Xcode 3.2";
			developmentRegion = English;
			hasScannedForEncodings = 0;
			knownRegions = (
				en,
			);
			mainGroup = 46AEA00A1C5EB111003E7AF9;
			productRefGroup = 46AEA0151C5EB111003E7AF9 /* Products */;
			projectDirPath = "";
			projectRoot = "";
			targets = (
				46AEA0131C5EB111003E7AF9 /* BitterSwift */,
				46AEA01D1C5EB111003E7AF9 /* BitterSwiftTests */,
			);
		};
/* End PBXProject section */

/* Begin PBXResourcesBuildPhase section */
		46AEA0121C5EB111003E7AF9 /* Resources */ = {
			isa = PBXResourcesBuildPhase;
			buildActionMask = 2147483647;
			files = (
			);
			runOnlyForDeploymentPostprocessing = 0;
		};
		46AEA01C1C5EB111003E7AF9 /* Resources */ = {
			isa = PBXResourcesBuildPhase;
			buildActionMask = 2147483647;
			files = (
			);
			runOnlyForDeploymentPostprocessing = 0;
		};
/* End PBXResourcesBuildPhase section */

/* Begin PBXSourcesBuildPhase section */
		46AEA00F1C5EB111003E7AF9 /* Sources */ = {
			isa = PBXSourcesBuildPhase;
			buildActionMask = 2147483647;
			files = (
			);
			runOnlyForDeploymentPostprocessing = 0;
		};
		46AEA01A1C5EB111003E7AF9 /* Sources */ = {
			isa = PBXSourcesBuildPhase;
			buildActionMask = 2147483647;
			files = (
				46AEA0241C5EB111003E7AF9 /* BitterSwiftTests.swift in Sources */,
			);
			runOnlyForDeploymentPostprocessing = 0;
		};
/* End PBXSourcesBuildPhase section */

/* Begin PBXTargetDependency section */
		46AEA0211C5EB111003E7AF9 /* PBXTargetDependency */ = {
			isa = PBXTargetDependency;
			target = 46AEA0131C5EB111003E7AF9 /* BitterSwift */;
			targetProxy = 46AEA0201C5EB111003E7AF9 /* PBXContainerItemProxy */;
		};
/* End PBXTargetDependency section */

/* Begin XCBuildConfiguration section */
		46AEA0261C5EB112003E7AF9 /* Debug */ = {
			isa = XCBuildConfiguration;
			buildSettings = {
				ALWAYS_SEARCH_USER_PATHS = NO;
				CLANG_CXX_LANGUAGE_STANDARD = "gnu++0x";
				CLANG_CXX_LIBRARY = "libc++";
				CLANG_ENABLE_MODULES = YES;
				CLANG_ENABLE_OBJC_ARC = YES;
				CLANG_WARN_BOOL_CONVERSION = YES;
				CLANG_WARN_CONSTANT_CONVERSION = YES;
				CLANG_WARN_DIRECT_OBJC_ISA_USAGE = YES_ERROR;
				CLANG_WARN_EMPTY_BODY = YES;
				CLANG_WARN_ENUM_CONVERSION = YES;
				CLANG_WARN_INT_CONVERSION = YES;
				CLANG_WARN_OBJC_ROOT_CLASS = YES_ERROR;
				CLANG_WARN_UNREACHABLE_CODE = YES;
				CLANG_WARN__DUPLICATE_METHOD_MATCH = YES;
				"CODE_SIGN_IDENTITY[sdk=iphoneos*]" = "iPhone Developer";
				COPY_PHASE_STRIP = NO;
				CURRENT_PROJECT_VERSION = 1;
				DEBUG_INFORMATION_FORMAT = dwarf;
				ENABLE_STRICT_OBJC_MSGSEND = YES;
				ENABLE_TESTABILITY = YES;
				GCC_C_LANGUAGE_STANDARD = gnu99;
				GCC_DYNAMIC_NO_PIC = NO;
				GCC_NO_COMMON_BLOCKS = YES;
				GCC_OPTIMIZATION_LEVEL = 0;
				GCC_PREPROCESSOR_DEFINITIONS = (
					"DEBUG=1",
					"$(inherited)",
				);
				GCC_WARN_64_TO_32_BIT_CONVERSION = YES;
				GCC_WARN_ABOUT_RETURN_TYPE = YES_ERROR;
				GCC_WARN_UNDECLARED_SELECTOR = YES;
				GCC_WARN_UNINITIALIZED_AUTOS = YES_AGGRESSIVE;
				GCC_WARN_UNUSED_FUNCTION = YES;
				GCC_WARN_UNUSED_VARIABLE = YES;
				IPHONEOS_DEPLOYMENT_TARGET = 9.2;
				MTL_ENABLE_DEBUG_INFO = YES;
				ONLY_ACTIVE_ARCH = YES;
				SDKROOT = iphoneos;
				SWIFT_OPTIMIZATION_LEVEL = "-Onone";
				TARGETED_DEVICE_FAMILY = "1,2";
				VERSIONING_SYSTEM = "apple-generic";
				VERSION_INFO_PREFIX = "";
			};
			name = Debug;
		};
		46AEA0271C5EB112003E7AF9 /* Release */ = {
			isa = XCBuildConfiguration;
			buildSettings = {
				ALWAYS_SEARCH_USER_PATHS = NO;
				CLANG_CXX_LANGUAGE_STANDARD = "gnu++0x";
				CLANG_CXX_LIBRARY = "libc++";
				CLANG_ENABLE_MODULES = YES;
				CLANG_ENABLE_OBJC_ARC = YES;
				CLANG_WARN_BOOL_CONVERSION = YES;
				CLANG_WARN_CONSTANT_CONVERSION = YES;
				CLANG_WARN_DIRECT_OBJC_ISA_USAGE = YES_ERROR;
				CLANG_WARN_EMPTY_BODY = YES;
				CLANG_WARN_ENUM_CONVERSION = YES;
				CLANG_WARN_INT_CONVERSION = YES;
				CLANG_WARN_OBJC_ROOT_CLASS = YES_ERROR;
				CLANG_WARN_UNREACHABLE_CODE = YES;
				CLANG_WARN__DUPLICATE_METHOD_MATCH = YES;
				"CODE_SIGN_IDENTITY[sdk=iphoneos*]" = "iPhone Developer";
				COPY_PHASE_STRIP = NO;
				CURRENT_PROJECT_VERSION = 1;
				DEBUG_INFORMATION_FORMAT = "dwarf-with-dsym";
				ENABLE_NS_ASSERTIONS = NO;
				ENABLE_STRICT_OBJC_MSGSEND = YES;
				GCC_C_LANGUAGE_STANDARD = gnu99;
				GCC_NO_COMMON_BLOCKS = YES;
				GCC_WARN_64_TO_32_BIT_CONVERSION = YES;
				GCC_WARN_ABOUT_RETURN_TYPE = YES_ERROR;
				GCC_WARN_UNDECLARED_SELECTOR = YES;
				GCC_WARN_UNINITIALIZED_AUTOS = YES_AGGRESSIVE;
				GCC_WARN_UNUSED_FUNCTION = YES;
				GCC_WARN_UNUSED_VARIABLE = YES;
				IPHONEOS_DEPLOYMENT_TARGET = 9.2;
				MTL_ENABLE_DEBUG_INFO = NO;
				SDKROOT = iphoneos;
				TARGETED_DEVICE_FAMILY = "1,2";
				VALIDATE_PRODUCT = YES;
				VERSIONING_SYSTEM = "apple-generic";
				VERSION_INFO_PREFIX = "";
			};
			name = Release;
		};
		46AEA0291C5EB112003E7AF9 /* Debug */ = {
			isa = XCBuildConfiguration;
			buildSettings = {
				DEFINES_MODULE = YES;
				DYLIB_COMPATIBILITY_VERSION = 1;
				DYLIB_CURRENT_VERSION = 1;
				DYLIB_INSTALL_NAME_BASE = "@rpath";
				INFOPLIST_FILE = BitterSwift/Info.plist;
				INSTALL_PATH = "$(LOCAL_LIBRARY_DIR)/Frameworks";
				LD_RUNPATH_SEARCH_PATHS = "$(inherited) @executable_path/Frameworks @loader_path/Frameworks";
				PRODUCT_BUNDLE_IDENTIFIER = com.uraimo.BitterSwift;
				PRODUCT_NAME = "$(TARGET_NAME)";
				SKIP_INSTALL = YES;
			};
			name = Debug;
		};
		46AEA02A1C5EB112003E7AF9 /* Release */ = {
			isa = XCBuildConfiguration;
			buildSettings = {
				DEFINES_MODULE = YES;
				DYLIB_COMPATIBILITY_VERSION = 1;
				DYLIB_CURRENT_VERSION = 1;
				DYLIB_INSTALL_NAME_BASE = "@rpath";
				INFOPLIST_FILE = BitterSwift/Info.plist;
				INSTALL_PATH = "$(LOCAL_LIBRARY_DIR)/Frameworks";
				LD_RUNPATH_SEARCH_PATHS = "$(inherited) @executable_path/Frameworks @loader_path/Frameworks";
				PRODUCT_BUNDLE_IDENTIFIER = com.uraimo.BitterSwift;
				PRODUCT_NAME = "$(TARGET_NAME)";
				SKIP_INSTALL = YES;
			};
			name = Release;
		};
		46AEA02C1C5EB112003E7AF9 /* Debug */ = {
			isa = XCBuildConfiguration;
			buildSettings = {
				INFOPLIST_FILE = BitterSwiftTests/Info.plist;
				LD_RUNPATH_SEARCH_PATHS = "$(inherited) @executable_path/Frameworks @loader_path/Frameworks";
				PRODUCT_BUNDLE_IDENTIFIER = com.uraimo.BitterSwiftTests;
				PRODUCT_NAME = "$(TARGET_NAME)";
			};
			name = Debug;
		};
		46AEA02D1C5EB112003E7AF9 /* Release */ = {
			isa = XCBuildConfiguration;
			buildSettings = {
				INFOPLIST_FILE = BitterSwiftTests/Info.plist;
				LD_RUNPATH_SEARCH_PATHS = "$(inherited) @executable_path/Frameworks @loader_path/Frameworks";
				PRODUCT_BUNDLE_IDENTIFIER = com.uraimo.BitterSwiftTests;
				PRODUCT_NAME = "$(TARGET_NAME)";
			};
			name = Release;
		};
/* End XCBuildConfiguration section */

/* Begin XCConfigurationList section */
		46AEA00E1C5EB111003E7AF9 /* Build configuration list for PBXProject "BitterSwift" */ = {
			isa = XCConfigurationList;
			buildConfigurations = (
				46AEA0261C5EB112003E7AF9 /* Debug */,
				46AEA0271C5EB112003E7AF9 /* Release */,
			);
			defaultConfigurationIsVisible = 0;
			defaultConfigurationName = Release;
		};
		46AEA0281C5EB112003E7AF9 /* Build configuration list for PBXNativeTarget "BitterSwift" */ = {
			isa = XCConfigurationList;
			buildConfigurations = (
				46AEA0291C5EB112003E7AF9 /* Debug */,
				46AEA02A1C5EB112003E7AF9 /* Release */,
			);
			defaultConfigurationIsVisible = 0;
			defaultConfigurationName = Release;
		};
		46AEA02B1C5EB112003E7AF9 /* Build configuration list for PBXNativeTarget "BitterSwiftTests" */ = {
			isa = XCConfigurationList;
			buildConfigurations = (
				46AEA02C1C5EB112003E7AF9 /* Debug */,
				46AEA02D1C5EB112003E7AF9 /* Release */,
			);
			defaultConfigurationIsVisible = 0;
			defaultConfigurationName = Release;
		};
/* End XCConfigurationList section */
	};
	rootObject = 46AEA00B1C5EB111003E7AF9 /* Project object */;
}
